
Microsoft Visual Studio Solution File, Format Version 11.00
# Visual Studio 2010
Project("{6989167D-11E4-40FE-8C1A-2192A86A7E90}") = "MultiK_Uni", "MultiK_Uni.vfproj", "{D8548295-60D3-48DA-9244-7E9E08376652}"
EndProject
Global
	GlobalSection(SolutionConfigurationPlatforms) = preSolution
		Debug|Win32 = Debug|Win32
		Release|Win32 = Release|Win32
	EndGlobalSection
	GlobalSection(ProjectConfigurationPlatforms) = postSolution
		{D8548295-60D3-48DA-9244-7E9E08376652}.Debug|Win32.ActiveCfg = Debug|Win32
		{D8548295-60D3-48DA-9244-7E9E08376652}.Debug|Win32.Build.0 = Debug|Win32
		{D8548295-60D3-48DA-9244-7E9E08376652}.Release|Win32.ActiveCfg = Release|Win32
		{D8548295-60D3-48DA-9244-7E9E08376652}.Release|Win32.Build.0 = Release|Win32
	EndGlobalSection
	GlobalSection(SolutionProperties) = preSolution
		HideSolutionNode = FALSE
	EndGlobalSection
EndGlobal
