
Microsoft Visual Studio Solution File, Format Version 12.00
# Visual Studio 14
VisualStudioVersion = 14.0.23107.0
MinimumVisualStudioVersion = 10.0.40219.1
Project("{6989167D-11E4-40FE-8C1A-2192A86A7E90}") = "Repulsion", "Repulsion.vfproj", "{D53370B5-69F7-453B-B674-660E8535EC08}"
EndProject
Global
	GlobalSection(SolutionConfigurationPlatforms) = preSolution
		Debug|x86 = Debug|x86
		Release|x86 = Release|x86
	EndGlobalSection
	GlobalSection(ProjectConfigurationPlatforms) = postSolution
		{D53370B5-69F7-453B-B674-660E8535EC08}.Debug|x86.ActiveCfg = Debug|Win32
		{D53370B5-69F7-453B-B674-660E8535EC08}.Debug|x86.Build.0 = Debug|Win32
		{D53370B5-69F7-453B-B674-660E8535EC08}.Release|x86.ActiveCfg = Release|Win32
		{D53370B5-69F7-453B-B674-660E8535EC08}.Release|x86.Build.0 = Release|Win32
	EndGlobalSection
	GlobalSection(SolutionProperties) = preSolution
		HideSolutionNode = FALSE
	EndGlobalSection
EndGlobal
